
Microsoft Visual Studio Solution File, Format Version 12.00
# Visual Studio Version 17
VisualStudioVersion = 17.14.36121.58
MinimumVisualStudioVersion = 10.0.40219.1
Project("{FAE04EC0-301F-11D3-BF4B-00C04F79EFBC}") = "MeerkeuzeVragenApp.UI", "EindOpdracht_MeerkeuzeVragen\MeerkeuzeVragenApp.UI.csproj", "{540630B8-8F91-4C06-AB28-1AFEAB1AB111}"
	ProjectSection(ProjectDependencies) = postProject
		{1A2063F6-32C0-433E-A75A-C30C50778F8D} = {1A2063F6-32C0-433E-A75A-C30C50778F8D}
	EndProjectSection
EndProject
Project("{FAE04EC0-301F-11D3-BF4B-00C04F79EFBC}") = "MeerkeuzevragenApp.DOMEIN", "MeerkeuzevragenApp.DOMEIN\MeerkeuzevragenApp.DOMEIN.csproj", "{18A1117F-AEFA-4F97-B040-5165C9899EA3}"
EndProject
Project("{FAE04EC0-301F-11D3-BF4B-00C04F79EFBC}") = "MeerkeuzevragenApp.DATA", "MeerkeuzevragenApp.Data\MeerkeuzevragenApp.DATA.csproj", "{1A2063F6-32C0-433E-A75A-C30C50778F8D}"
EndProject
Project("{FAE04EC0-301F-11D3-BF4B-00C04F79EFBC}") = "MeerkeuzevragenApp.TESTS", "MeerkeuzevragenApp.TESTS\MeerkeuzevragenApp.TESTS.csproj", "{97866606-74FD-4DBA-B11B-644C63294DCD}"
EndProject
Global
	GlobalSection(SolutionConfigurationPlatforms) = preSolution
		Debug|Any CPU = Debug|Any CPU
		Release|Any CPU = Release|Any CPU
	EndGlobalSection
	GlobalSection(ProjectConfigurationPlatforms) = postSolution
		{540630B8-8F91-4C06-AB28-1AFEAB1AB111}.Debug|Any CPU.ActiveCfg = Debug|Any CPU
		{540630B8-8F91-4C06-AB28-1AFEAB1AB111}.Debug|Any CPU.Build.0 = Debug|Any CPU
		{540630B8-8F91-4C06-AB28-1AFEAB1AB111}.Release|Any CPU.ActiveCfg = Release|Any CPU
		{540630B8-8F91-4C06-AB28-1AFEAB1AB111}.Release|Any CPU.Build.0 = Release|Any CPU
		{18A1117F-AEFA-4F97-B040-5165C9899EA3}.Debug|Any CPU.ActiveCfg = Debug|Any CPU
		{18A1117F-AEFA-4F97-B040-5165C9899EA3}.Debug|Any CPU.Build.0 = Debug|Any CPU
		{18A1117F-AEFA-4F97-B040-5165C9899EA3}.Release|Any CPU.ActiveCfg = Release|Any CPU
		{18A1117F-AEFA-4F97-B040-5165C9899EA3}.Release|Any CPU.Build.0 = Release|Any CPU
		{1A2063F6-32C0-433E-A75A-C30C50778F8D}.Debug|Any CPU.ActiveCfg = Debug|Any CPU
		{1A2063F6-32C0-433E-A75A-C30C50778F8D}.Debug|Any CPU.Build.0 = Debug|Any CPU
		{1A2063F6-32C0-433E-A75A-C30C50778F8D}.Release|Any CPU.ActiveCfg = Release|Any CPU
		{1A2063F6-32C0-433E-A75A-C30C50778F8D}.Release|Any CPU.Build.0 = Release|Any CPU
		{97866606-74FD-4DBA-B11B-644C63294DCD}.Debug|Any CPU.ActiveCfg = Debug|Any CPU
		{97866606-74FD-4DBA-B11B-644C63294DCD}.Debug|Any CPU.Build.0 = Debug|Any CPU
		{97866606-74FD-4DBA-B11B-644C63294DCD}.Release|Any CPU.ActiveCfg = Release|Any CPU
		{97866606-74FD-4DBA-B11B-644C63294DCD}.Release|Any CPU.Build.0 = Release|Any CPU
	EndGlobalSection
	GlobalSection(SolutionProperties) = preSolution
		HideSolutionNode = FALSE
	EndGlobalSection
	GlobalSection(ExtensibilityGlobals) = postSolution
		SolutionGuid = {A30B9F7B-589E-40C3-8E06-2A75A9089DAC}
	EndGlobalSection
EndGlobal
